
Microsoft Visual Studio Solution File, Format Version 12.00
# Visual Studio Version 16
VisualStudioVersion = 16.0.810.20
MinimumVisualStudioVersion = 10.0.40219.1
Project("{FAE04EC0-301F-11D3-BF4B-00C04F79EFBC}") = "Assembly-CSharp", "Assembly-CSharp.csproj", "{C1AF5C5B-D969-6AE5-3642-2929FCBFED38}"
EndProject
Global
	GlobalSection(SolutionConfigurationPlatforms) = preSolution
		Debug|Any CPU = Debug|Any CPU
		Release|Any CPU = Release|Any CPU
	EndGlobalSection
	GlobalSection(ProjectConfigurationPlatforms) = postSolution
		{C1AF5C5B-D969-6AE5-3642-2929FCBFED38}.Debug|Any CPU.ActiveCfg = Debug|Any CPU
		{C1AF5C5B-D969-6AE5-3642-2929FCBFED38}.Debug|Any CPU.Build.0 = Debug|Any CPU
		{C1AF5C5B-D969-6AE5-3642-2929FCBFED38}.Release|Any CPU.ActiveCfg = Release|Any CPU
		{C1AF5C5B-D969-6AE5-3642-2929FCBFED38}.Release|Any CPU.Build.0 = Release|Any CPU
	EndGlobalSection
	GlobalSection(SolutionProperties) = preSolution
		HideSolutionNode = FALSE
	EndGlobalSection
	GlobalSection(ExtensibilityGlobals) = postSolution
		SolutionGuid = {E78CDEB1-CCF3-4B4D-B3F9-E3B249612E18}
	EndGlobalSection
EndGlobal
